
Microsoft Visual Studio Solution File, Format Version 12.00
# Visual Studio Version 17
VisualStudioVersion = 17.10.34916.146
MinimumVisualStudioVersion = 10.0.40219.1
Project("{FAE04EC0-301F-11D3-BF4B-00C04F79EFBC}") = "BookStore", "BookStore\BookStore.csproj", "{861E32DD-B728-4E3F-BC92-D0698D4C26F2}"
EndProject
Global
	GlobalSection(SolutionConfigurationPlatforms) = preSolution
		Debug|Any CPU = Debug|Any CPU
		Release|Any CPU = Release|Any CPU
	EndGlobalSection
	GlobalSection(ProjectConfigurationPlatforms) = postSolution
		{861E32DD-B728-4E3F-BC92-D0698D4C26F2}.Debug|Any CPU.ActiveCfg = Debug|Any CPU
		{861E32DD-B728-4E3F-BC92-D0698D4C26F2}.Debug|Any CPU.Build.0 = Debug|Any CPU
		{861E32DD-B728-4E3F-BC92-D0698D4C26F2}.Release|Any CPU.ActiveCfg = Release|Any CPU
		{861E32DD-B728-4E3F-BC92-D0698D4C26F2}.Release|Any CPU.Build.0 = Release|Any CPU
	EndGlobalSection
	GlobalSection(SolutionProperties) = preSolution
		HideSolutionNode = FALSE
	EndGlobalSection
	GlobalSection(ExtensibilityGlobals) = postSolution
		SolutionGuid = {4A812978-5AFD-4556-BD4E-F192DA0F3741}
	EndGlobalSection
EndGlobal
